
Microsoft Visual Studio Solution File, Format Version 12.00
# Visual Studio Version 16
VisualStudioVersion = 16.0.29911.84
MinimumVisualStudioVersion = 10.0.40219.1
Project("{9A19103F-16F7-4668-BE54-9A1E7A4F7556}") = "bpm", "bpm\bpm.csproj", "{C46BCD6D-4856-433F-936F-6EF55BFDB460}"
EndProject
Project("{FAE04EC0-301F-11D3-BF4B-00C04F79EFBC}") = "bpm_setup", "bpm_setup\bpm_setup.csproj", "{7D4DFC94-611D-43FD-9184-41771D79F03F}"
EndProject
Global
	GlobalSection(SolutionConfigurationPlatforms) = preSolution
		Debug|Any CPU = Debug|Any CPU
		Release|Any CPU = Release|Any CPU
	EndGlobalSection
	GlobalSection(ProjectConfigurationPlatforms) = postSolution
		{C46BCD6D-4856-433F-936F-6EF55BFDB460}.Debug|Any CPU.ActiveCfg = Debug|Any CPU
		{C46BCD6D-4856-433F-936F-6EF55BFDB460}.Debug|Any CPU.Build.0 = Debug|Any CPU
		{C46BCD6D-4856-433F-936F-6EF55BFDB460}.Release|Any CPU.ActiveCfg = Release|Any CPU
		{C46BCD6D-4856-433F-936F-6EF55BFDB460}.Release|Any CPU.Build.0 = Release|Any CPU
		{7D4DFC94-611D-43FD-9184-41771D79F03F}.Debug|Any CPU.ActiveCfg = Debug|Any CPU
		{7D4DFC94-611D-43FD-9184-41771D79F03F}.Debug|Any CPU.Build.0 = Debug|Any CPU
		{7D4DFC94-611D-43FD-9184-41771D79F03F}.Release|Any CPU.ActiveCfg = Release|Any CPU
		{7D4DFC94-611D-43FD-9184-41771D79F03F}.Release|Any CPU.Build.0 = Release|Any CPU
	EndGlobalSection
	GlobalSection(SolutionProperties) = preSolution
		HideSolutionNode = FALSE
	EndGlobalSection
	GlobalSection(ExtensibilityGlobals) = postSolution
		SolutionGuid = {FC9E46D0-B869-495B-AB5F-FF1346E2D37B}
	EndGlobalSection
EndGlobal
